// !$*UTF8*$!
{
	archiveVersion = 1;
	classes = {
	};
	objectVersion = 56;
	objects = {

/* Begin PBXBuildFile section */
		ECA267CB2A9DCD70006AC3FB /* NetworkLayerSetupApp.swift in Sources */ = {isa = PBXBuildFile; fileRef = ECA267CA2A9DCD70006AC3FB /* NetworkLayerSetupApp.swift */; };
		ECA267CD2A9DCD70006AC3FB /* ContentView.swift in Sources */ = {isa = PBXBuildFile; fileRef = ECA267CC2A9DCD70006AC3FB /* ContentView.swift */; };
		ECA267CF2A9DCD71006AC3FB /* Assets.xcassets in Resources */ = {isa = PBXBuildFile; fileRef = ECA267CE2A9DCD71006AC3FB /* Assets.xcassets */; };
		ECA267D22A9DCD71006AC3FB /* Preview Assets.xcassets in Resources */ = {isa = PBXBuildFile; fileRef = ECA267D12A9DCD71006AC3FB /* Preview Assets.xcassets */; };
		ECA267DC2A9DCD71006AC3FB /* NetworkLayerSetupTests.swift in Sources */ = {isa = PBXBuildFile; fileRef = ECA267DB2A9DCD71006AC3FB /* NetworkLayerSetupTests.swift */; };
		ECA267E62A9DCD71006AC3FB /* NetworkLayerSetupUITests.swift in Sources */ = {isa = PBXBuildFile; fileRef = ECA267E52A9DCD71006AC3FB /* NetworkLayerSetupUITests.swift */; };
		ECA267E82A9DCD71006AC3FB /* NetworkLayerSetupUITestsLaunchTests.swift in Sources */ = {isa = PBXBuildFile; fileRef = ECA267E72A9DCD71006AC3FB /* NetworkLayerSetupUITestsLaunchTests.swift */; };
		ECA267F62A9DCD9C006AC3FB /* Requestable.swift in Sources */ = {isa = PBXBuildFile; fileRef = ECA267F52A9DCD9C006AC3FB /* Requestable.swift */; };
		ECA267F82A9DCE48006AC3FB /* NativeRequestable.swift in Sources */ = {isa = PBXBuildFile; fileRef = ECA267F72A9DCE48006AC3FB /* NativeRequestable.swift */; };
		ECA267FA2A9DCF50006AC3FB /* NetworkRequest.swift in Sources */ = {isa = PBXBuildFile; fileRef = ECA267F92A9DCF50006AC3FB /* NetworkRequest.swift */; };
		ECA267FC2A9DCFAD006AC3FB /* VerifyUsernameEndpoints.swift in Sources */ = {isa = PBXBuildFile; fileRef = ECA267FB2A9DCFAD006AC3FB /* VerifyUsernameEndpoints.swift */; };
		ECA267FE2A9DCFCB006AC3FB /* Environment.swift in Sources */ = {isa = PBXBuildFile; fileRef = ECA267FD2A9DCFCB006AC3FB /* Environment.swift */; };
		ECA268002A9DD107006AC3FB /* AuthenticationManager.swift in Sources */ = {isa = PBXBuildFile; fileRef = ECA267FF2A9DD107006AC3FB /* AuthenticationManager.swift */; };
		ECA268022A9DD1BB006AC3FB /* VerifyUserNameService.swift in Sources */ = {isa = PBXBuildFile; fileRef = ECA268012A9DD1BB006AC3FB /* VerifyUserNameService.swift */; };
/* End PBXBuildFile section */

/* Begin PBXContainerItemProxy section */
		ECA267D82A9DCD71006AC3FB /* PBXContainerItemProxy */ = {
			isa = PBXContainerItemProxy;
			containerPortal = ECA267BF2A9DCD70006AC3FB /* Project object */;
			proxyType = 1;
			remoteGlobalIDString = ECA267C62A9DCD70006AC3FB;
			remoteInfo = NetworkLayerSetup;
		};
		ECA267E22A9DCD71006AC3FB /* PBXContainerItemProxy */ = {
			isa = PBXContainerItemProxy;
			containerPortal = ECA267BF2A9DCD70006AC3FB /* Project object */;
			proxyType = 1;
			remoteGlobalIDString = ECA267C62A9DCD70006AC3FB;
			remoteInfo = NetworkLayerSetup;
		};
/* End PBXContainerItemProxy section */

/* Begin PBXFileReference section */
		ECA267C72A9DCD70006AC3FB /* NetworkLayerSetup.app */ = {isa = PBXFileReference; explicitFileType = wrapper.application; includeInIndex = 0; path = NetworkLayerSetup.app; sourceTree = BUILT_PRODUCTS_DIR; };
		ECA267CA2A9DCD70006AC3FB /* NetworkLayerSetupApp.swift */ = {isa = PBXFileReference; lastKnownFileType = sourcecode.swift; path = NetworkLayerSetupApp.swift; sourceTree = "<group>"; };
		ECA267CC2A9DCD70006AC3FB /* ContentView.swift */ = {isa = PBXFileReference; lastKnownFileType = sourcecode.swift; path = ContentView.swift; sourceTree = "<group>"; };
		ECA267CE2A9DCD71006AC3FB /* Assets.xcassets */ = {isa = PBXFileReference; lastKnownFileType = folder.assetcatalog; path = Assets.xcassets; sourceTree = "<group>"; };
		ECA267D12A9DCD71006AC3FB /* Preview Assets.xcassets */ = {isa = PBXFileReference; lastKnownFileType = folder.assetcatalog; path = "Preview Assets.xcassets"; sourceTree = "<group>"; };
		ECA267D72A9DCD71006AC3FB /* NetworkLayerSetupTests.xctest */ = {isa = PBXFileReference; explicitFileType = wrapper.cfbundle; includeInIndex = 0; path = NetworkLayerSetupTests.xctest; sourceTree = BUILT_PRODUCTS_DIR; };
		ECA267DB2A9DCD71006AC3FB /* NetworkLayerSetupTests.swift */ = {isa = PBXFileReference; lastKnownFileType = sourcecode.swift; path = NetworkLayerSetupTests.swift; sourceTree = "<group>"; };
		ECA267E12A9DCD71006AC3FB /* NetworkLayerSetupUITests.xctest */ = {isa = PBXFileReference; explicitFileType = wrapper.cfbundle; includeInIndex = 0; path = NetworkLayerSetupUITests.xctest; sourceTree = BUILT_PRODUCTS_DIR; };
		ECA267E52A9DCD71006AC3FB /* NetworkLayerSetupUITests.swift */ = {isa = PBXFileReference; lastKnownFileType = sourcecode.swift; path = NetworkLayerSetupUITests.swift; sourceTree = "<group>"; };
		ECA267E72A9DCD71006AC3FB /* NetworkLayerSetupUITestsLaunchTests.swift */ = {isa = PBXFileReference; lastKnownFileType = sourcecode.swift; path = NetworkLayerSetupUITestsLaunchTests.swift; sourceTree = "<group>"; };
		ECA267F52A9DCD9C006AC3FB /* Requestable.swift */ = {isa = PBXFileReference; lastKnownFileType = sourcecode.swift; path = Requestable.swift; sourceTree = "<group>"; };
		ECA267F72A9DCE48006AC3FB /* NativeRequestable.swift */ = {isa = PBXFileReference; lastKnownFileType = sourcecode.swift; path = NativeRequestable.swift; sourceTree = "<group>"; };
		ECA267F92A9DCF50006AC3FB /* NetworkRequest.swift */ = {isa = PBXFileReference; lastKnownFileType = sourcecode.swift; path = NetworkRequest.swift; sourceTree = "<group>"; };
		ECA267FB2A9DCFAD006AC3FB /* VerifyUsernameEndpoints.swift */ = {isa = PBXFileReference; lastKnownFileType = sourcecode.swift; path = VerifyUsernameEndpoints.swift; sourceTree = "<group>"; };
		ECA267FD2A9DCFCB006AC3FB /* Environment.swift */ = {isa = PBXFileReference; lastKnownFileType = sourcecode.swift; path = Environment.swift; sourceTree = "<group>"; };
		ECA267FF2A9DD107006AC3FB /* AuthenticationManager.swift */ = {isa = PBXFileReference; lastKnownFileType = sourcecode.swift; path = AuthenticationManager.swift; sourceTree = "<group>"; };
		ECA268012A9DD1BB006AC3FB /* VerifyUserNameService.swift */ = {isa = PBXFileReference; lastKnownFileType = sourcecode.swift; path = VerifyUserNameService.swift; sourceTree = "<group>"; };
/* End PBXFileReference section */

/* Begin PBXFrameworksBuildPhase section */
		ECA267C42A9DCD70006AC3FB /* Frameworks */ = {
			isa = PBXFrameworksBuildPhase;
			buildActionMask = 2147483647;
			files = (
			);
			runOnlyForDeploymentPostprocessing = 0;
		};
		ECA267D42A9DCD71006AC3FB /* Frameworks */ = {
			isa = PBXFrameworksBuildPhase;
			buildActionMask = 2147483647;
			files = (
			);
			runOnlyForDeploymentPostprocessing = 0;
		};
		ECA267DE2A9DCD71006AC3FB /* Frameworks */ = {
			isa = PBXFrameworksBuildPhase;
			buildActionMask = 2147483647;
			files = (
			);
			runOnlyForDeploymentPostprocessing = 0;
		};
/* End PBXFrameworksBuildPhase section */

/* Begin PBXGroup section */
		ECA267BE2A9DCD70006AC3FB = {
			isa = PBXGroup;
			children = (
				ECA267C92A9DCD70006AC3FB /* NetworkLayerSetup */,
				ECA267DA2A9DCD71006AC3FB /* NetworkLayerSetupTests */,
				ECA267E42A9DCD71006AC3FB /* NetworkLayerSetupUITests */,
				ECA267C82A9DCD70006AC3FB /* Products */,
			);
			sourceTree = "<group>";
		};
		ECA267C82A9DCD70006AC3FB /* Products */ = {
			isa = PBXGroup;
			children = (
				ECA267C72A9DCD70006AC3FB /* NetworkLayerSetup.app */,
				ECA267D72A9DCD71006AC3FB /* NetworkLayerSetupTests.xctest */,
				ECA267E12A9DCD71006AC3FB /* NetworkLayerSetupUITests.xctest */,
			);
			name = Products;
			sourceTree = "<group>";
		};
		ECA267C92A9DCD70006AC3FB /* NetworkLayerSetup */ = {
			isa = PBXGroup;
			children = (
				ECA267F42A9DCD87006AC3FB /* NetworkLayer */,
				ECA267CA2A9DCD70006AC3FB /* NetworkLayerSetupApp.swift */,
				ECA267CC2A9DCD70006AC3FB /* ContentView.swift */,
				ECA267CE2A9DCD71006AC3FB /* Assets.xcassets */,
				ECA267D02A9DCD71006AC3FB /* Preview Content */,
			);
			path = NetworkLayerSetup;
			sourceTree = "<group>";
		};
		ECA267D02A9DCD71006AC3FB /* Preview Content */ = {
			isa = PBXGroup;
			children = (
				ECA267D12A9DCD71006AC3FB /* Preview Assets.xcassets */,
			);
			path = "Preview Content";
			sourceTree = "<group>";
		};
		ECA267DA2A9DCD71006AC3FB /* NetworkLayerSetupTests */ = {
			isa = PBXGroup;
			children = (
				ECA267DB2A9DCD71006AC3FB /* NetworkLayerSetupTests.swift */,
			);
			path = NetworkLayerSetupTests;
			sourceTree = "<group>";
		};
		ECA267E42A9DCD71006AC3FB /* NetworkLayerSetupUITests */ = {
			isa = PBXGroup;
			children = (
				ECA267E52A9DCD71006AC3FB /* NetworkLayerSetupUITests.swift */,
				ECA267E72A9DCD71006AC3FB /* NetworkLayerSetupUITestsLaunchTests.swift */,
			);
			path = NetworkLayerSetupUITests;
			sourceTree = "<group>";
		};
		ECA267F42A9DCD87006AC3FB /* NetworkLayer */ = {
			isa = PBXGroup;
			children = (
				ECA267F52A9DCD9C006AC3FB /* Requestable.swift */,
				ECA267F72A9DCE48006AC3FB /* NativeRequestable.swift */,
				ECA267F92A9DCF50006AC3FB /* NetworkRequest.swift */,
				ECA267FD2A9DCFCB006AC3FB /* Environment.swift */,
				ECA268012A9DD1BB006AC3FB /* VerifyUserNameService.swift */,
				ECA267FB2A9DCFAD006AC3FB /* VerifyUsernameEndpoints.swift */,
				ECA267FF2A9DD107006AC3FB /* AuthenticationManager.swift */,
			);
			path = NetworkLayer;
			sourceTree = "<group>";
		};
/* End PBXGroup section */

/* Begin PBXNativeTarget section */
		ECA267C62A9DCD70006AC3FB /* NetworkLayerSetup */ = {
			isa = PBXNativeTarget;
			buildConfigurationList = ECA267EB2A9DCD71006AC3FB /* Build configuration list for PBXNativeTarget "NetworkLayerSetup" */;
			buildPhases = (
				ECA267C32A9DCD70006AC3FB /* Sources */,
				ECA267C42A9DCD70006AC3FB /* Frameworks */,
				ECA267C52A9DCD70006AC3FB /* Resources */,
			);
			buildRules = (
			);
			dependencies = (
			);
			name = NetworkLayerSetup;
			productName = NetworkLayerSetup;
			productReference = ECA267C72A9DCD70006AC3FB /* NetworkLayerSetup.app */;
			productType = "com.apple.product-type.application";
		};
		ECA267D62A9DCD71006AC3FB /* NetworkLayerSetupTests */ = {
			isa = PBXNativeTarget;
			buildConfigurationList = ECA267EE2A9DCD71006AC3FB /* Build configuration list for PBXNativeTarget "NetworkLayerSetupTests" */;
			buildPhases = (
				ECA267D32A9DCD71006AC3FB /* Sources */,
				ECA267D42A9DCD71006AC3FB /* Frameworks */,
				ECA267D52A9DCD71006AC3FB /* Resources */,
			);
			buildRules = (
			);
			dependencies = (
				ECA267D92A9DCD71006AC3FB /* PBXTargetDependency */,
			);
			name = NetworkLayerSetupTests;
			productName = NetworkLayerSetupTests;
			productReference = ECA267D72A9DCD71006AC3FB /* NetworkLayerSetupTests.xctest */;
			productType = "com.apple.product-type.bundle.unit-test";
		};
		ECA267E02A9DCD71006AC3FB /* NetworkLayerSetupUITests */ = {
			isa = PBXNativeTarget;
			buildConfigurationList = ECA267F12A9DCD71006AC3FB /* Build configuration list for PBXNativeTarget "NetworkLayerSetupUITests" */;
			buildPhases = (
				ECA267DD2A9DCD71006AC3FB /* Sources */,
				ECA267DE2A9DCD71006AC3FB /* Frameworks */,
				ECA267DF2A9DCD71006AC3FB /* Resources */,
			);
			buildRules = (
			);
			dependencies = (
				ECA267E32A9DCD71006AC3FB /* PBXTargetDependency */,
			);
			name = NetworkLayerSetupUITests;
			productName = NetworkLayerSetupUITests;
			productReference = ECA267E12A9DCD71006AC3FB /* NetworkLayerSetupUITests.xctest */;
			productType = "com.apple.product-type.bundle.ui-testing";
		};
/* End PBXNativeTarget section */

/* Begin PBXProject section */
		ECA267BF2A9DCD70006AC3FB /* Project object */ = {
			isa = PBXProject;
			attributes = {
				BuildIndependentTargetsInParallel = 1;
				LastSwiftUpdateCheck = 1430;
				LastUpgradeCheck = 1430;
				TargetAttributes = {
					ECA267C62A9DCD70006AC3FB = {
						CreatedOnToolsVersion = 14.3.1;
					};
					ECA267D62A9DCD71006AC3FB = {
						CreatedOnToolsVersion = 14.3.1;
						TestTargetID = ECA267C62A9DCD70006AC3FB;
					};
					ECA267E02A9DCD71006AC3FB = {
						CreatedOnToolsVersion = 14.3.1;
						TestTargetID = ECA267C62A9DCD70006AC3FB;
					};
				};
			};
			buildConfigurationList = ECA267C22A9DCD70006AC3FB /* Build configuration list for PBXProject "NetworkLayerSetup" */;
			compatibilityVersion = "Xcode 14.0";
			developmentRegion = en;
			hasScannedForEncodings = 0;
			knownRegions = (
				en,
				Base,
			);
			mainGroup = ECA267BE2A9DCD70006AC3FB;
			productRefGroup = ECA267C82A9DCD70006AC3FB /* Products */;
			projectDirPath = "";
			projectRoot = "";
			targets = (
				ECA267C62A9DCD70006AC3FB /* NetworkLayerSetup */,
				ECA267D62A9DCD71006AC3FB /* NetworkLayerSetupTests */,
				ECA267E02A9DCD71006AC3FB /* NetworkLayerSetupUITests */,
			);
		};
/* End PBXProject section */

/* Begin PBXResourcesBuildPhase section */
		ECA267C52A9DCD70006AC3FB /* Resources */ = {
			isa = PBXResourcesBuildPhase;
			buildActionMask = 2147483647;
			files = (
				ECA267D22A9DCD71006AC3FB /* Preview Assets.xcassets in Resources */,
				ECA267CF2A9DCD71006AC3FB /* Assets.xcassets in Resources */,
			);
			runOnlyForDeploymentPostprocessing = 0;
		};
		ECA267D52A9DCD71006AC3FB /* Resources */ = {
			isa = PBXResourcesBuildPhase;
			buildActionMask = 2147483647;
			files = (
			);
			runOnlyForDeploymentPostprocessing = 0;
		};
		ECA267DF2A9DCD71006AC3FB /* Resources */ = {
			isa = PBXResourcesBuildPhase;
			buildActionMask = 2147483647;
			files = (
			);
			runOnlyForDeploymentPostprocessing = 0;
		};
/* End PBXResourcesBuildPhase section */

/* Begin PBXSourcesBuildPhase section */
		ECA267C32A9DCD70006AC3FB /* Sources */ = {
			isa = PBXSourcesBuildPhase;
			buildActionMask = 2147483647;
			files = (
				ECA267F82A9DCE48006AC3FB /* NativeRequestable.swift in Sources */,
				ECA268002A9DD107006AC3FB /* AuthenticationManager.swift in Sources */,
				ECA267F62A9DCD9C006AC3FB /* Requestable.swift in Sources */,
				ECA267CD2A9DCD70006AC3FB /* ContentView.swift in Sources */,
				ECA267FE2A9DCFCB006AC3FB /* Environment.swift in Sources */,
				ECA267CB2A9DCD70006AC3FB /* NetworkLayerSetupApp.swift in Sources */,
				ECA267FC2A9DCFAD006AC3FB /* VerifyUsernameEndpoints.swift in Sources */,
				ECA268022A9DD1BB006AC3FB /* VerifyUserNameService.swift in Sources */,
				ECA267FA2A9DCF50006AC3FB /* NetworkRequest.swift in Sources */,
			);
			runOnlyForDeploymentPostprocessing = 0;
		};
		ECA267D32A9DCD71006AC3FB /* Sources */ = {
			isa = PBXSourcesBuildPhase;
			buildActionMask = 2147483647;
			files = (
				ECA267DC2A9DCD71006AC3FB /* NetworkLayerSetupTests.swift in Sources */,
			);
			runOnlyForDeploymentPostprocessing = 0;
		};
		ECA267DD2A9DCD71006AC3FB /* Sources */ = {
			isa = PBXSourcesBuildPhase;
			buildActionMask = 2147483647;
			files = (
				ECA267E62A9DCD71006AC3FB /* NetworkLayerSetupUITests.swift in Sources */,
				ECA267E82A9DCD71006AC3FB /* NetworkLayerSetupUITestsLaunchTests.swift in Sources */,
			);
			runOnlyForDeploymentPostprocessing = 0;
		};
/* End PBXSourcesBuildPhase section */

/* Begin PBXTargetDependency section */
		ECA267D92A9DCD71006AC3FB /* PBXTargetDependency */ = {
			isa = PBXTargetDependency;
			target = ECA267C62A9DCD70006AC3FB /* NetworkLayerSetup */;
			targetProxy = ECA267D82A9DCD71006AC3FB /* PBXContainerItemProxy */;
		};
		ECA267E32A9DCD71006AC3FB /* PBXTargetDependency */ = {
			isa = PBXTargetDependency;
			target = ECA267C62A9DCD70006AC3FB /* NetworkLayerSetup */;
			targetProxy = ECA267E22A9DCD71006AC3FB /* PBXContainerItemProxy */;
		};
/* End PBXTargetDependency section */

/* Begin XCBuildConfiguration section */
		ECA267E92A9DCD71006AC3FB /* Debug */ = {
			isa = XCBuildConfiguration;
			buildSettings = {
				ALWAYS_SEARCH_USER_PATHS = NO;
				CLANG_ANALYZER_NONNULL = YES;
				CLANG_ANALYZER_NUMBER_OBJECT_CONVERSION = YES_AGGRESSIVE;
				CLANG_CXX_LANGUAGE_STANDARD = "gnu++20";
				CLANG_ENABLE_MODULES = YES;
				CLANG_ENABLE_OBJC_ARC = YES;
				CLANG_ENABLE_OBJC_WEAK = YES;
				CLANG_WARN_BLOCK_CAPTURE_AUTORELEASING = YES;
				CLANG_WARN_BOOL_CONVERSION = YES;
				CLANG_WARN_COMMA = YES;
				CLANG_WARN_CONSTANT_CONVERSION = YES;
				CLANG_WARN_DEPRECATED_OBJC_IMPLEMENTATIONS = YES;
				CLANG_WARN_DIRECT_OBJC_ISA_USAGE = YES_ERROR;
				CLANG_WARN_DOCUMENTATION_COMMENTS = YES;
				CLANG_WARN_EMPTY_BODY = YES;
				CLANG_WARN_ENUM_CONVERSION = YES;
				CLANG_WARN_INFINITE_RECURSION = YES;
				CLANG_WARN_INT_CONVERSION = YES;
				CLANG_WARN_NON_LITERAL_NULL_CONVERSION = YES;
				CLANG_WARN_OBJC_IMPLICIT_RETAIN_SELF = YES;
				CLANG_WARN_OBJC_LITERAL_CONVERSION = YES;
				CLANG_WARN_OBJC_ROOT_CLASS = YES_ERROR;
				CLANG_WARN_QUOTED_INCLUDE_IN_FRAMEWORK_HEADER = YES;
				CLANG_WARN_RANGE_LOOP_ANALYSIS = YES;
				CLANG_WARN_STRICT_PROTOTYPES = YES;
				CLANG_WARN_SUSPICIOUS_MOVE = YES;
				CLANG_WARN_UNGUARDED_AVAILABILITY = YES_AGGRESSIVE;
				CLANG_WARN_UNREACHABLE_CODE = YES;
				CLANG_WARN__DUPLICATE_METHOD_MATCH = YES;
				COPY_PHASE_STRIP = NO;
				DEBUG_INFORMATION_FORMAT = dwarf;
				ENABLE_STRICT_OBJC_MSGSEND = YES;
				ENABLE_TESTABILITY = YES;
				GCC_C_LANGUAGE_STANDARD = gnu11;
				GCC_DYNAMIC_NO_PIC = NO;
				GCC_NO_COMMON_BLOCKS = YES;
				GCC_OPTIMIZATION_LEVEL = 0;
				GCC_PREPROCESSOR_DEFINITIONS = (
					"DEBUG=1",
					"$(inherited)",
				);
				GCC_WARN_64_TO_32_BIT_CONVERSION = YES;
				GCC_WARN_ABOUT_RETURN_TYPE = YES_ERROR;
				GCC_WARN_UNDECLARED_SELECTOR = YES;
				GCC_WARN_UNINITIALIZED_AUTOS = YES_AGGRESSIVE;
				GCC_WARN_UNUSED_FUNCTION = YES;
				GCC_WARN_UNUSED_VARIABLE = YES;
				IPHONEOS_DEPLOYMENT_TARGET = 16.4;
				MTL_ENABLE_DEBUG_INFO = INCLUDE_SOURCE;
				MTL_FAST_MATH = YES;
				ONLY_ACTIVE_ARCH = YES;
				SDKROOT = iphoneos;
				SWIFT_ACTIVE_COMPILATION_CONDITIONS = DEBUG;
				SWIFT_OPTIMIZATION_LEVEL = "-Onone";
			};
			name = Debug;
		};
		ECA267EA2A9DCD71006AC3FB /* Release */ = {
			isa = XCBuildConfiguration;
			buildSettings = {
				ALWAYS_SEARCH_USER_PATHS = NO;
				CLANG_ANALYZER_NONNULL = YES;
				CLANG_ANALYZER_NUMBER_OBJECT_CONVERSION = YES_AGGRESSIVE;
				CLANG_CXX_LANGUAGE_STANDARD = "gnu++20";
				CLANG_ENABLE_MODULES = YES;
				CLANG_ENABLE_OBJC_ARC = YES;
				CLANG_ENABLE_OBJC_WEAK = YES;
				CLANG_WARN_BLOCK_CAPTURE_AUTORELEASING = YES;
				CLANG_WARN_BOOL_CONVERSION = YES;
				CLANG_WARN_COMMA = YES;
				CLANG_WARN_CONSTANT_CONVERSION = YES;
				CLANG_WARN_DEPRECATED_OBJC_IMPLEMENTATIONS = YES;
				CLANG_WARN_DIRECT_OBJC_ISA_USAGE = YES_ERROR;
				CLANG_WARN_DOCUMENTATION_COMMENTS = YES;
				CLANG_WARN_EMPTY_BODY = YES;
				CLANG_WARN_ENUM_CONVERSION = YES;
				CLANG_WARN_INFINITE_RECURSION = YES;
				CLANG_WARN_INT_CONVERSION = YES;
				CLANG_WARN_NON_LITERAL_NULL_CONVERSION = YES;
				CLANG_WARN_OBJC_IMPLICIT_RETAIN_SELF = YES;
				CLANG_WARN_OBJC_LITERAL_CONVERSION = YES;
				CLANG_WARN_OBJC_ROOT_CLASS = YES_ERROR;
				CLANG_WARN_QUOTED_INCLUDE_IN_FRAMEWORK_HEADER = YES;
				CLANG_WARN_RANGE_LOOP_ANALYSIS = YES;
				CLANG_WARN_STRICT_PROTOTYPES = YES;
				CLANG_WARN_SUSPICIOUS_MOVE = YES;
				CLANG_WARN_UNGUARDED_AVAILABILITY = YES_AGGRESSIVE;
				CLANG_WARN_UNREACHABLE_CODE = YES;
				CLANG_WARN__DUPLICATE_METHOD_MATCH = YES;
				COPY_PHASE_STRIP = NO;
				DEBUG_INFORMATION_FORMAT = "dwarf-with-dsym";
				ENABLE_NS_ASSERTIONS = NO;
				ENABLE_STRICT_OBJC_MSGSEND = YES;
				GCC_C_LANGUAGE_STANDARD = gnu11;
				GCC_NO_COMMON_BLOCKS = YES;
				GCC_WARN_64_TO_32_BIT_CONVERSION = YES;
				GCC_WARN_ABOUT_RETURN_TYPE = YES_ERROR;
				GCC_WARN_UNDECLARED_SELECTOR = YES;
				GCC_WARN_UNINITIALIZED_AUTOS = YES_AGGRESSIVE;
				GCC_WARN_UNUSED_FUNCTION = YES;
				GCC_WARN_UNUSED_VARIABLE = YES;
				IPHONEOS_DEPLOYMENT_TARGET = 16.4;
				MTL_ENABLE_DEBUG_INFO = NO;
				MTL_FAST_MATH = YES;
				SDKROOT = iphoneos;
				SWIFT_COMPILATION_MODE = wholemodule;
				SWIFT_OPTIMIZATION_LEVEL = "-O";
				VALIDATE_PRODUCT = YES;
			};
			name = Release;
		};
		ECA267EC2A9DCD71006AC3FB /* Debug */ = {
			isa = XCBuildConfiguration;
			buildSettings = {
				ASSETCATALOG_COMPILER_APPICON_NAME = AppIcon;
				ASSETCATALOG_COMPILER_GLOBAL_ACCENT_COLOR_NAME = AccentColor;
				CODE_SIGN_STYLE = Automatic;
				CURRENT_PROJECT_VERSION = 1;
				DEVELOPMENT_ASSET_PATHS = "\"NetworkLayerSetup/Preview Content\"";
				DEVELOPMENT_TEAM = 89VT57Z7HA;
				ENABLE_PREVIEWS = YES;
				GENERATE_INFOPLIST_FILE = YES;
				INFOPLIST_KEY_UIApplicationSceneManifest_Generation = YES;
				INFOPLIST_KEY_UIApplicationSupportsIndirectInputEvents = YES;
				INFOPLIST_KEY_UILaunchScreen_Generation = YES;
				INFOPLIST_KEY_UISupportedInterfaceOrientations_iPad = "UIInterfaceOrientationPortrait UIInterfaceOrientationPortraitUpsideDown UIInterfaceOrientationLandscapeLeft UIInterfaceOrientationLandscapeRight";
				INFOPLIST_KEY_UISupportedInterfaceOrientations_iPhone = "UIInterfaceOrientationPortrait UIInterfaceOrientationLandscapeLeft UIInterfaceOrientationLandscapeRight";
				LD_RUNPATH_SEARCH_PATHS = (
					"$(inherited)",
					"@executable_path/Frameworks",
				);
				MARKETING_VERSION = 1.0;
				PRODUCT_BUNDLE_IDENTIFIER = com.sequoia.NetworkLayerSetup;
				PRODUCT_NAME = "$(TARGET_NAME)";
				SWIFT_EMIT_LOC_STRINGS = YES;
				SWIFT_VERSION = 5.0;
				TARGETED_DEVICE_FAMILY = "1,2";
			};
			name = Debug;
		};
		ECA267ED2A9DCD71006AC3FB /* Release */ = {
			isa = XCBuildConfiguration;
			buildSettings = {
				ASSETCATALOG_COMPILER_APPICON_NAME = AppIcon;
				ASSETCATALOG_COMPILER_GLOBAL_ACCENT_COLOR_NAME = AccentColor;
				CODE_SIGN_STYLE = Automatic;
				CURRENT_PROJECT_VERSION = 1;
				DEVELOPMENT_ASSET_PATHS = "\"NetworkLayerSetup/Preview Content\"";
				DEVELOPMENT_TEAM = 89VT57Z7HA;
				ENABLE_PREVIEWS = YES;
				GENERATE_INFOPLIST_FILE = YES;
				INFOPLIST_KEY_UIApplicationSceneManifest_Generation = YES;
				INFOPLIST_KEY_UIApplicationSupportsIndirectInputEvents = YES;
				INFOPLIST_KEY_UILaunchScreen_Generation = YES;
				INFOPLIST_KEY_UISupportedInterfaceOrientations_iPad = "UIInterfaceOrientationPortrait UIInterfaceOrientationPortraitUpsideDown UIInterfaceOrientationLandscapeLeft UIInterfaceOrientationLandscapeRight";
				INFOPLIST_KEY_UISupportedInterfaceOrientations_iPhone = "UIInterfaceOrientationPortrait UIInterfaceOrientationLandscapeLeft UIInterfaceOrientationLandscapeRight";
				LD_RUNPATH_SEARCH_PATHS = (
					"$(inherited)",
					"@executable_path/Frameworks",
				);
				MARKETING_VERSION = 1.0;
				PRODUCT_BUNDLE_IDENTIFIER = com.sequoia.NetworkLayerSetup;
				PRODUCT_NAME = "$(TARGET_NAME)";
				SWIFT_EMIT_LOC_STRINGS = YES;
				SWIFT_VERSION = 5.0;
				TARGETED_DEVICE_FAMILY = "1,2";
			};
			name = Release;
		};
		ECA267EF2A9DCD71006AC3FB /* Debug */ = {
			isa = XCBuildConfiguration;
			buildSettings = {
				ALWAYS_EMBED_SWIFT_STANDARD_LIBRARIES = YES;
				BUNDLE_LOADER = "$(TEST_HOST)";
				CODE_SIGN_STYLE = Automatic;
				CURRENT_PROJECT_VERSION = 1;
				DEVELOPMENT_TEAM = 89VT57Z7HA;
				GENERATE_INFOPLIST_FILE = YES;
				IPHONEOS_DEPLOYMENT_TARGET = 16.4;
				MARKETING_VERSION = 1.0;
				PRODUCT_BUNDLE_IDENTIFIER = com.sequoia.NetworkLayerSetupTests;
				PRODUCT_NAME = "$(TARGET_NAME)";
				SWIFT_EMIT_LOC_STRINGS = NO;
				SWIFT_VERSION = 5.0;
				TARGETED_DEVICE_FAMILY = "1,2";
				TEST_HOST = "$(BUILT_PRODUCTS_DIR)/NetworkLayerSetup.app/$(BUNDLE_EXECUTABLE_FOLDER_PATH)/NetworkLayerSetup";
			};
			name = Debug;
		};
		ECA267F02A9DCD71006AC3FB /* Release */ = {
			isa = XCBuildConfiguration;
			buildSettings = {
				ALWAYS_EMBED_SWIFT_STANDARD_LIBRARIES = YES;
				BUNDLE_LOADER = "$(TEST_HOST)";
				CODE_SIGN_STYLE = Automatic;
				CURRENT_PROJECT_VERSION = 1;
				DEVELOPMENT_TEAM = 89VT57Z7HA;
				GENERATE_INFOPLIST_FILE = YES;
				IPHONEOS_DEPLOYMENT_TARGET = 16.4;
				MARKETING_VERSION = 1.0;
				PRODUCT_BUNDLE_IDENTIFIER = com.sequoia.NetworkLayerSetupTests;
				PRODUCT_NAME = "$(TARGET_NAME)";
				SWIFT_EMIT_LOC_STRINGS = NO;
				SWIFT_VERSION = 5.0;
				TARGETED_DEVICE_FAMILY = "1,2";
				TEST_HOST = "$(BUILT_PRODUCTS_DIR)/NetworkLayerSetup.app/$(BUNDLE_EXECUTABLE_FOLDER_PATH)/NetworkLayerSetup";
			};
			name = Release;
		};
		ECA267F22A9DCD71006AC3FB /* Debug */ = {
			isa = XCBuildConfiguration;
			buildSettings = {
				ALWAYS_EMBED_SWIFT_STANDARD_LIBRARIES = YES;
				CODE_SIGN_STYLE = Automatic;
				CURRENT_PROJECT_VERSION = 1;
				DEVELOPMENT_TEAM = 89VT57Z7HA;
				GENERATE_INFOPLIST_FILE = YES;
				MARKETING_VERSION = 1.0;
				PRODUCT_BUNDLE_IDENTIFIER = com.sequoia.NetworkLayerSetupUITests;
				PRODUCT_NAME = "$(TARGET_NAME)";
				SWIFT_EMIT_LOC_STRINGS = NO;
				SWIFT_VERSION = 5.0;
				TARGETED_DEVICE_FAMILY = "1,2";
				TEST_TARGET_NAME = NetworkLayerSetup;
			};
			name = Debug;
		};
		ECA267F32A9DCD71006AC3FB /* Release */ = {
			isa = XCBuildConfiguration;
			buildSettings = {
				ALWAYS_EMBED_SWIFT_STANDARD_LIBRARIES = YES;
				CODE_SIGN_STYLE = Automatic;
				CURRENT_PROJECT_VERSION = 1;
				DEVELOPMENT_TEAM = 89VT57Z7HA;
				GENERATE_INFOPLIST_FILE = YES;
				MARKETING_VERSION = 1.0;
				PRODUCT_BUNDLE_IDENTIFIER = com.sequoia.NetworkLayerSetupUITests;
				PRODUCT_NAME = "$(TARGET_NAME)";
				SWIFT_EMIT_LOC_STRINGS = NO;
				SWIFT_VERSION = 5.0;
				TARGETED_DEVICE_FAMILY = "1,2";
				TEST_TARGET_NAME = NetworkLayerSetup;
			};
			name = Release;
		};
/* End XCBuildConfiguration section */

/* Begin XCConfigurationList section */
		ECA267C22A9DCD70006AC3FB /* Build configuration list for PBXProject "NetworkLayerSetup" */ = {
			isa = XCConfigurationList;
			buildConfigurations = (
				ECA267E92A9DCD71006AC3FB /* Debug */,
				ECA267EA2A9DCD71006AC3FB /* Release */,
			);
			defaultConfigurationIsVisible = 0;
			defaultConfigurationName = Release;
		};
		ECA267EB2A9DCD71006AC3FB /* Build configuration list for PBXNativeTarget "NetworkLayerSetup" */ = {
			isa = XCConfigurationList;
			buildConfigurations = (
				ECA267EC2A9DCD71006AC3FB /* Debug */,
				ECA267ED2A9DCD71006AC3FB /* Release */,
			);
			defaultConfigurationIsVisible = 0;
			defaultConfigurationName = Release;
		};
		ECA267EE2A9DCD71006AC3FB /* Build configuration list for PBXNativeTarget "NetworkLayerSetupTests" */ = {
			isa = XCConfigurationList;
			buildConfigurations = (
				ECA267EF2A9DCD71006AC3FB /* Debug */,
				ECA267F02A9DCD71006AC3FB /* Release */,
			);
			defaultConfigurationIsVisible = 0;
			defaultConfigurationName = Release;
		};
		ECA267F12A9DCD71006AC3FB /* Build configuration list for PBXNativeTarget "NetworkLayerSetupUITests" */ = {
			isa = XCConfigurationList;
			buildConfigurations = (
				ECA267F22A9DCD71006AC3FB /* Debug */,
				ECA267F32A9DCD71006AC3FB /* Release */,
			);
			defaultConfigurationIsVisible = 0;
			defaultConfigurationName = Release;
		};
/* End XCConfigurationList section */
	};
	rootObject = ECA267BF2A9DCD70006AC3FB /* Project object */;
}
